
Microsoft Visual Studio Solution File, Format Version 12.00
# Visual Studio Version 17
VisualStudioVersion = 17.10.35122.118
MinimumVisualStudioVersion = 10.0.40219.1
Project("{FAE04EC0-301F-11D3-BF4B-00C04F79EFBC}") = "webapi", "webapi\webapi.csproj", "{F17B36A8-071E-4872-AB3D-64D4C2639458}"
EndProject
Global
	GlobalSection(SolutionConfigurationPlatforms) = preSolution
		Debug|Any CPU = Debug|Any CPU
		Release|Any CPU = Release|Any CPU
	EndGlobalSection
	GlobalSection(ProjectConfigurationPlatforms) = postSolution
		{F17B36A8-071E-4872-AB3D-64D4C2639458}.Debug|Any CPU.ActiveCfg = Debug|Any CPU
		{F17B36A8-071E-4872-AB3D-64D4C2639458}.Debug|Any CPU.Build.0 = Debug|Any CPU
		{F17B36A8-071E-4872-AB3D-64D4C2639458}.Release|Any CPU.ActiveCfg = Release|Any CPU
		{F17B36A8-071E-4872-AB3D-64D4C2639458}.Release|Any CPU.Build.0 = Release|Any CPU
	EndGlobalSection
	GlobalSection(SolutionProperties) = preSolution
		HideSolutionNode = FALSE
	EndGlobalSection
	GlobalSection(ExtensibilityGlobals) = postSolution
		SolutionGuid = {9652D6AC-BF8D-494D-93A5-1FB948603702}
	EndGlobalSection
EndGlobal
